
Microsoft Visual Studio Solution File, Format Version 12.00
# Visual Studio Version 16
VisualStudioVersion = 16.0.31605.320
MinimumVisualStudioVersion = 10.0.40219.1
Project("{FAE04EC0-301F-11D3-BF4B-00C04F79EFBC}") = "CenyPaliw", "CenyPaliw\CenyPaliw.csproj", "{FA16BBBB-06F3-4CD9-9D6D-06B1EAEDC605}"
EndProject
Global
	GlobalSection(SolutionConfigurationPlatforms) = preSolution
		Debug|Any CPU = Debug|Any CPU
		Release|Any CPU = Release|Any CPU
	EndGlobalSection
	GlobalSection(ProjectConfigurationPlatforms) = postSolution
		{FA16BBBB-06F3-4CD9-9D6D-06B1EAEDC605}.Debug|Any CPU.ActiveCfg = Debug|Any CPU
		{FA16BBBB-06F3-4CD9-9D6D-06B1EAEDC605}.Debug|Any CPU.Build.0 = Debug|Any CPU
		{FA16BBBB-06F3-4CD9-9D6D-06B1EAEDC605}.Release|Any CPU.ActiveCfg = Release|Any CPU
		{FA16BBBB-06F3-4CD9-9D6D-06B1EAEDC605}.Release|Any CPU.Build.0 = Release|Any CPU
	EndGlobalSection
	GlobalSection(SolutionProperties) = preSolution
		HideSolutionNode = FALSE
	EndGlobalSection
	GlobalSection(ExtensibilityGlobals) = postSolution
		SolutionGuid = {4D5E4374-4FE1-40B2-84A1-5DF99E5B45CA}
	EndGlobalSection
EndGlobal
